
Microsoft Visual Studio Solution File, Format Version 12.00
Project("{2150E333-8FDC-42A3-9474-1A3956D46DE8}") = "src", "src", "{827E0CD3-B72D-47B6-A68D-7590B98EB39B}"
EndProject
Project("{FAE04EC0-301F-11D3-BF4B-00C04F79EFBC}") = "Ecommerce.API", "src\Ecommerce.API\Ecommerce.API.csproj", "{D2DAD75E-11C8-4CB8-B951-5FBDA7D19632}"
EndProject
Project("{2150E333-8FDC-42A3-9474-1A3956D46DE8}") = "Modules", "Modules", "{EC447DCF-ABFA-6E24-52A5-D7FD48A5C558}"
EndProject
Project("{FAE04EC0-301F-11D3-BF4B-00C04F79EFBC}") = "Order", "src\Modules\Order\Order.csproj", "{CF8DAB01-AA84-41D6-B90D-E4FCC3AF67EE}"
EndProject
Project("{FAE04EC0-301F-11D3-BF4B-00C04F79EFBC}") = "Inventory", "src\Modules\Inventory\Inventory.csproj", "{AD41B898-58C4-410C-9E94-4A49234BE6C7}"
EndProject
Project("{FAE04EC0-301F-11D3-BF4B-00C04F79EFBC}") = "Payment", "src\Modules\Payment\Payment.csproj", "{E1020803-EE67-451A-9575-2974D9F0EEA2}"
EndProject
Project("{FAE04EC0-301F-11D3-BF4B-00C04F79EFBC}") = "Notification", "src\Modules\Notification\Notification.csproj", "{1BBF51CF-146B-4183-8046-6A4413F7898F}"
EndProject
Project("{FAE04EC0-301F-11D3-BF4B-00C04F79EFBC}") = "Catalog", "src\Modules\Catalog\Catalog.csproj", "{BDD89CF7-E823-4602-AE3E-4461A5529C56}"
EndProject
Project("{FAE04EC0-301F-11D3-BF4B-00C04F79EFBC}") = "Shipment", "src\Modules\Shipment\Shipment.csproj", "{FB3B0584-406F-4AA9-A97D-76EDF3B94AD9}"
EndProject
Project("{2150E333-8FDC-42A3-9474-1A3956D46DE8}") = "Solution Items", "Solution Items", "{09DA64BB-4D5D-47D8-AC45-1F3254E3BA40}"
	ProjectSection(SolutionItems) = preProject
		compose.yaml = compose.yaml
	EndProjectSection
EndProject
Global
	GlobalSection(SolutionConfigurationPlatforms) = preSolution
		Debug|Any CPU = Debug|Any CPU
		Debug|x64 = Debug|x64
		Debug|x86 = Debug|x86
		Release|Any CPU = Release|Any CPU
		Release|x64 = Release|x64
		Release|x86 = Release|x86
	EndGlobalSection
	GlobalSection(ProjectConfigurationPlatforms) = postSolution
		{D2DAD75E-11C8-4CB8-B951-5FBDA7D19632}.Debug|Any CPU.ActiveCfg = Debug|Any CPU
		{D2DAD75E-11C8-4CB8-B951-5FBDA7D19632}.Debug|Any CPU.Build.0 = Debug|Any CPU
		{D2DAD75E-11C8-4CB8-B951-5FBDA7D19632}.Debug|x64.ActiveCfg = Debug|Any CPU
		{D2DAD75E-11C8-4CB8-B951-5FBDA7D19632}.Debug|x64.Build.0 = Debug|Any CPU
		{D2DAD75E-11C8-4CB8-B951-5FBDA7D19632}.Debug|x86.ActiveCfg = Debug|Any CPU
		{D2DAD75E-11C8-4CB8-B951-5FBDA7D19632}.Debug|x86.Build.0 = Debug|Any CPU
		{D2DAD75E-11C8-4CB8-B951-5FBDA7D19632}.Release|Any CPU.ActiveCfg = Release|Any CPU
		{D2DAD75E-11C8-4CB8-B951-5FBDA7D19632}.Release|Any CPU.Build.0 = Release|Any CPU
		{D2DAD75E-11C8-4CB8-B951-5FBDA7D19632}.Release|x64.ActiveCfg = Release|Any CPU
		{D2DAD75E-11C8-4CB8-B951-5FBDA7D19632}.Release|x64.Build.0 = Release|Any CPU
		{D2DAD75E-11C8-4CB8-B951-5FBDA7D19632}.Release|x86.ActiveCfg = Release|Any CPU
		{D2DAD75E-11C8-4CB8-B951-5FBDA7D19632}.Release|x86.Build.0 = Release|Any CPU
		{CF8DAB01-AA84-41D6-B90D-E4FCC3AF67EE}.Debug|Any CPU.ActiveCfg = Debug|Any CPU
		{CF8DAB01-AA84-41D6-B90D-E4FCC3AF67EE}.Debug|Any CPU.Build.0 = Debug|Any CPU
		{CF8DAB01-AA84-41D6-B90D-E4FCC3AF67EE}.Debug|x64.ActiveCfg = Debug|Any CPU
		{CF8DAB01-AA84-41D6-B90D-E4FCC3AF67EE}.Debug|x64.Build.0 = Debug|Any CPU
		{CF8DAB01-AA84-41D6-B90D-E4FCC3AF67EE}.Debug|x86.ActiveCfg = Debug|Any CPU
		{CF8DAB01-AA84-41D6-B90D-E4FCC3AF67EE}.Debug|x86.Build.0 = Debug|Any CPU
		{CF8DAB01-AA84-41D6-B90D-E4FCC3AF67EE}.Release|Any CPU.ActiveCfg = Release|Any CPU
		{CF8DAB01-AA84-41D6-B90D-E4FCC3AF67EE}.Release|Any CPU.Build.0 = Release|Any CPU
		{CF8DAB01-AA84-41D6-B90D-E4FCC3AF67EE}.Release|x64.ActiveCfg = Release|Any CPU
		{CF8DAB01-AA84-41D6-B90D-E4FCC3AF67EE}.Release|x64.Build.0 = Release|Any CPU
		{CF8DAB01-AA84-41D6-B90D-E4FCC3AF67EE}.Release|x86.ActiveCfg = Release|Any CPU
		{CF8DAB01-AA84-41D6-B90D-E4FCC3AF67EE}.Release|x86.Build.0 = Release|Any CPU
		{AD41B898-58C4-410C-9E94-4A49234BE6C7}.Debug|Any CPU.ActiveCfg = Debug|Any CPU
		{AD41B898-58C4-410C-9E94-4A49234BE6C7}.Debug|Any CPU.Build.0 = Debug|Any CPU
		{AD41B898-58C4-410C-9E94-4A49234BE6C7}.Debug|x64.ActiveCfg = Debug|Any CPU
		{AD41B898-58C4-410C-9E94-4A49234BE6C7}.Debug|x64.Build.0 = Debug|Any CPU
		{AD41B898-58C4-410C-9E94-4A49234BE6C7}.Debug|x86.ActiveCfg = Debug|Any CPU
		{AD41B898-58C4-410C-9E94-4A49234BE6C7}.Debug|x86.Build.0 = Debug|Any CPU
		{AD41B898-58C4-410C-9E94-4A49234BE6C7}.Release|Any CPU.ActiveCfg = Release|Any CPU
		{AD41B898-58C4-410C-9E94-4A49234BE6C7}.Release|Any CPU.Build.0 = Release|Any CPU
		{AD41B898-58C4-410C-9E94-4A49234BE6C7}.Release|x64.ActiveCfg = Release|Any CPU
		{AD41B898-58C4-410C-9E94-4A49234BE6C7}.Release|x64.Build.0 = Release|Any CPU
		{AD41B898-58C4-410C-9E94-4A49234BE6C7}.Release|x86.ActiveCfg = Release|Any CPU
		{AD41B898-58C4-410C-9E94-4A49234BE6C7}.Release|x86.Build.0 = Release|Any CPU
		{E1020803-EE67-451A-9575-2974D9F0EEA2}.Debug|Any CPU.ActiveCfg = Debug|Any CPU
		{E1020803-EE67-451A-9575-2974D9F0EEA2}.Debug|Any CPU.Build.0 = Debug|Any CPU
		{E1020803-EE67-451A-9575-2974D9F0EEA2}.Debug|x64.ActiveCfg = Debug|Any CPU
		{E1020803-EE67-451A-9575-2974D9F0EEA2}.Debug|x64.Build.0 = Debug|Any CPU
		{E1020803-EE67-451A-9575-2974D9F0EEA2}.Debug|x86.ActiveCfg = Debug|Any CPU
		{E1020803-EE67-451A-9575-2974D9F0EEA2}.Debug|x86.Build.0 = Debug|Any CPU
		{E1020803-EE67-451A-9575-2974D9F0EEA2}.Release|Any CPU.ActiveCfg = Release|Any CPU
		{E1020803-EE67-451A-9575-2974D9F0EEA2}.Release|Any CPU.Build.0 = Release|Any CPU
		{E1020803-EE67-451A-9575-2974D9F0EEA2}.Release|x64.ActiveCfg = Release|Any CPU
		{E1020803-EE67-451A-9575-2974D9F0EEA2}.Release|x64.Build.0 = Release|Any CPU
		{E1020803-EE67-451A-9575-2974D9F0EEA2}.Release|x86.ActiveCfg = Release|Any CPU
		{E1020803-EE67-451A-9575-2974D9F0EEA2}.Release|x86.Build.0 = Release|Any CPU
		{1BBF51CF-146B-4183-8046-6A4413F7898F}.Debug|Any CPU.ActiveCfg = Debug|Any CPU
		{1BBF51CF-146B-4183-8046-6A4413F7898F}.Debug|Any CPU.Build.0 = Debug|Any CPU
		{1BBF51CF-146B-4183-8046-6A4413F7898F}.Debug|x64.ActiveCfg = Debug|Any CPU
		{1BBF51CF-146B-4183-8046-6A4413F7898F}.Debug|x64.Build.0 = Debug|Any CPU
		{1BBF51CF-146B-4183-8046-6A4413F7898F}.Debug|x86.ActiveCfg = Debug|Any CPU
		{1BBF51CF-146B-4183-8046-6A4413F7898F}.Debug|x86.Build.0 = Debug|Any CPU
		{1BBF51CF-146B-4183-8046-6A4413F7898F}.Release|Any CPU.ActiveCfg = Release|Any CPU
		{1BBF51CF-146B-4183-8046-6A4413F7898F}.Release|Any CPU.Build.0 = Release|Any CPU
		{1BBF51CF-146B-4183-8046-6A4413F7898F}.Release|x64.ActiveCfg = Release|Any CPU
		{1BBF51CF-146B-4183-8046-6A4413F7898F}.Release|x64.Build.0 = Release|Any CPU
		{1BBF51CF-146B-4183-8046-6A4413F7898F}.Release|x86.ActiveCfg = Release|Any CPU
		{1BBF51CF-146B-4183-8046-6A4413F7898F}.Release|x86.Build.0 = Release|Any CPU
		{BDD89CF7-E823-4602-AE3E-4461A5529C56}.Debug|Any CPU.ActiveCfg = Debug|Any CPU
		{BDD89CF7-E823-4602-AE3E-4461A5529C56}.Debug|Any CPU.Build.0 = Debug|Any CPU
		{BDD89CF7-E823-4602-AE3E-4461A5529C56}.Debug|x64.ActiveCfg = Debug|Any CPU
		{BDD89CF7-E823-4602-AE3E-4461A5529C56}.Debug|x64.Build.0 = Debug|Any CPU
		{BDD89CF7-E823-4602-AE3E-4461A5529C56}.Debug|x86.ActiveCfg = Debug|Any CPU
		{BDD89CF7-E823-4602-AE3E-4461A5529C56}.Debug|x86.Build.0 = Debug|Any CPU
		{BDD89CF7-E823-4602-AE3E-4461A5529C56}.Release|Any CPU.ActiveCfg = Release|Any CPU
		{BDD89CF7-E823-4602-AE3E-4461A5529C56}.Release|Any CPU.Build.0 = Release|Any CPU
		{BDD89CF7-E823-4602-AE3E-4461A5529C56}.Release|x64.ActiveCfg = Release|Any CPU
		{BDD89CF7-E823-4602-AE3E-4461A5529C56}.Release|x64.Build.0 = Release|Any CPU
		{BDD89CF7-E823-4602-AE3E-4461A5529C56}.Release|x86.ActiveCfg = Release|Any CPU
		{BDD89CF7-E823-4602-AE3E-4461A5529C56}.Release|x86.Build.0 = Release|Any CPU
		{FB3B0584-406F-4AA9-A97D-76EDF3B94AD9}.Debug|Any CPU.ActiveCfg = Debug|Any CPU
		{FB3B0584-406F-4AA9-A97D-76EDF3B94AD9}.Debug|Any CPU.Build.0 = Debug|Any CPU
		{FB3B0584-406F-4AA9-A97D-76EDF3B94AD9}.Debug|x64.ActiveCfg = Debug|Any CPU
		{FB3B0584-406F-4AA9-A97D-76EDF3B94AD9}.Debug|x64.Build.0 = Debug|Any CPU
		{FB3B0584-406F-4AA9-A97D-76EDF3B94AD9}.Debug|x86.ActiveCfg = Debug|Any CPU
		{FB3B0584-406F-4AA9-A97D-76EDF3B94AD9}.Debug|x86.Build.0 = Debug|Any CPU
		{FB3B0584-406F-4AA9-A97D-76EDF3B94AD9}.Release|Any CPU.ActiveCfg = Release|Any CPU
		{FB3B0584-406F-4AA9-A97D-76EDF3B94AD9}.Release|Any CPU.Build.0 = Release|Any CPU
		{FB3B0584-406F-4AA9-A97D-76EDF3B94AD9}.Release|x64.ActiveCfg = Release|Any CPU
		{FB3B0584-406F-4AA9-A97D-76EDF3B94AD9}.Release|x64.Build.0 = Release|Any CPU
		{FB3B0584-406F-4AA9-A97D-76EDF3B94AD9}.Release|x86.ActiveCfg = Release|Any CPU
		{FB3B0584-406F-4AA9-A97D-76EDF3B94AD9}.Release|x86.Build.0 = Release|Any CPU
	EndGlobalSection
	GlobalSection(SolutionProperties) = preSolution
		HideSolutionNode = FALSE
	EndGlobalSection
	GlobalSection(NestedProjects) = preSolution
		{D2DAD75E-11C8-4CB8-B951-5FBDA7D19632} = {827E0CD3-B72D-47B6-A68D-7590B98EB39B}
		{EC447DCF-ABFA-6E24-52A5-D7FD48A5C558} = {827E0CD3-B72D-47B6-A68D-7590B98EB39B}
		{CF8DAB01-AA84-41D6-B90D-E4FCC3AF67EE} = {EC447DCF-ABFA-6E24-52A5-D7FD48A5C558}
		{AD41B898-58C4-410C-9E94-4A49234BE6C7} = {EC447DCF-ABFA-6E24-52A5-D7FD48A5C558}
		{E1020803-EE67-451A-9575-2974D9F0EEA2} = {EC447DCF-ABFA-6E24-52A5-D7FD48A5C558}
		{1BBF51CF-146B-4183-8046-6A4413F7898F} = {EC447DCF-ABFA-6E24-52A5-D7FD48A5C558}
		{BDD89CF7-E823-4602-AE3E-4461A5529C56} = {EC447DCF-ABFA-6E24-52A5-D7FD48A5C558}
		{FB3B0584-406F-4AA9-A97D-76EDF3B94AD9} = {EC447DCF-ABFA-6E24-52A5-D7FD48A5C558}
	EndGlobalSection
EndGlobal
